
Microsoft Visual Studio Solution File, Format Version 12.00
# Visual Studio 15
VisualStudioVersion = 15.0.26124.0
MinimumVisualStudioVersion = 15.0.26124.0
Project("{FAE04EC0-301F-11D3-BF4B-00C04F79EFBC}") = "Application", "Api.Application\Application.csproj", "{7A8EB42B-7C88-4B9D-8CC2-AD90FC14F82E}"
EndProject
Project("{FAE04EC0-301F-11D3-BF4B-00C04F79EFBC}") = "Domain", "Api.Domain\Domain.csproj", "{C89D9664-6B43-4B71-883E-BF3A677D5B5C}"
EndProject
Project("{FAE04EC0-301F-11D3-BF4B-00C04F79EFBC}") = "CrossCutting", "Api.CrossCutting\CrossCutting.csproj", "{41B870F9-97A6-47CC-9FE0-D5D05A37D74D}"
EndProject
Project("{FAE04EC0-301F-11D3-BF4B-00C04F79EFBC}") = "Data", "Api.Data\Data.csproj", "{A20C17C6-41F5-4FC1-A18E-B53BFCA63727}"
EndProject
Global
	GlobalSection(SolutionConfigurationPlatforms) = preSolution
		Debug|Any CPU = Debug|Any CPU
		Debug|x64 = Debug|x64
		Debug|x86 = Debug|x86
		Release|Any CPU = Release|Any CPU
		Release|x64 = Release|x64
		Release|x86 = Release|x86
	EndGlobalSection
	GlobalSection(SolutionProperties) = preSolution
		HideSolutionNode = FALSE
	EndGlobalSection
	GlobalSection(ProjectConfigurationPlatforms) = postSolution
		{7A8EB42B-7C88-4B9D-8CC2-AD90FC14F82E}.Debug|Any CPU.ActiveCfg = Debug|Any CPU
		{7A8EB42B-7C88-4B9D-8CC2-AD90FC14F82E}.Debug|Any CPU.Build.0 = Debug|Any CPU
		{7A8EB42B-7C88-4B9D-8CC2-AD90FC14F82E}.Debug|x64.ActiveCfg = Debug|Any CPU
		{7A8EB42B-7C88-4B9D-8CC2-AD90FC14F82E}.Debug|x64.Build.0 = Debug|Any CPU
		{7A8EB42B-7C88-4B9D-8CC2-AD90FC14F82E}.Debug|x86.ActiveCfg = Debug|Any CPU
		{7A8EB42B-7C88-4B9D-8CC2-AD90FC14F82E}.Debug|x86.Build.0 = Debug|Any CPU
		{7A8EB42B-7C88-4B9D-8CC2-AD90FC14F82E}.Release|Any CPU.ActiveCfg = Release|Any CPU
		{7A8EB42B-7C88-4B9D-8CC2-AD90FC14F82E}.Release|Any CPU.Build.0 = Release|Any CPU
		{7A8EB42B-7C88-4B9D-8CC2-AD90FC14F82E}.Release|x64.ActiveCfg = Release|Any CPU
		{7A8EB42B-7C88-4B9D-8CC2-AD90FC14F82E}.Release|x64.Build.0 = Release|Any CPU
		{7A8EB42B-7C88-4B9D-8CC2-AD90FC14F82E}.Release|x86.ActiveCfg = Release|Any CPU
		{7A8EB42B-7C88-4B9D-8CC2-AD90FC14F82E}.Release|x86.Build.0 = Release|Any CPU
		{C89D9664-6B43-4B71-883E-BF3A677D5B5C}.Debug|Any CPU.ActiveCfg = Debug|Any CPU
		{C89D9664-6B43-4B71-883E-BF3A677D5B5C}.Debug|Any CPU.Build.0 = Debug|Any CPU
		{C89D9664-6B43-4B71-883E-BF3A677D5B5C}.Debug|x64.ActiveCfg = Debug|Any CPU
		{C89D9664-6B43-4B71-883E-BF3A677D5B5C}.Debug|x64.Build.0 = Debug|Any CPU
		{C89D9664-6B43-4B71-883E-BF3A677D5B5C}.Debug|x86.ActiveCfg = Debug|Any CPU
		{C89D9664-6B43-4B71-883E-BF3A677D5B5C}.Debug|x86.Build.0 = Debug|Any CPU
		{C89D9664-6B43-4B71-883E-BF3A677D5B5C}.Release|Any CPU.ActiveCfg = Release|Any CPU
		{C89D9664-6B43-4B71-883E-BF3A677D5B5C}.Release|Any CPU.Build.0 = Release|Any CPU
		{C89D9664-6B43-4B71-883E-BF3A677D5B5C}.Release|x64.ActiveCfg = Release|Any CPU
		{C89D9664-6B43-4B71-883E-BF3A677D5B5C}.Release|x64.Build.0 = Release|Any CPU
		{C89D9664-6B43-4B71-883E-BF3A677D5B5C}.Release|x86.ActiveCfg = Release|Any CPU
		{C89D9664-6B43-4B71-883E-BF3A677D5B5C}.Release|x86.Build.0 = Release|Any CPU
		{41B870F9-97A6-47CC-9FE0-D5D05A37D74D}.Debug|Any CPU.ActiveCfg = Debug|Any CPU
		{41B870F9-97A6-47CC-9FE0-D5D05A37D74D}.Debug|Any CPU.Build.0 = Debug|Any CPU
		{41B870F9-97A6-47CC-9FE0-D5D05A37D74D}.Debug|x64.ActiveCfg = Debug|Any CPU
		{41B870F9-97A6-47CC-9FE0-D5D05A37D74D}.Debug|x64.Build.0 = Debug|Any CPU
		{41B870F9-97A6-47CC-9FE0-D5D05A37D74D}.Debug|x86.ActiveCfg = Debug|Any CPU
		{41B870F9-97A6-47CC-9FE0-D5D05A37D74D}.Debug|x86.Build.0 = Debug|Any CPU
		{41B870F9-97A6-47CC-9FE0-D5D05A37D74D}.Release|Any CPU.ActiveCfg = Release|Any CPU
		{41B870F9-97A6-47CC-9FE0-D5D05A37D74D}.Release|Any CPU.Build.0 = Release|Any CPU
		{41B870F9-97A6-47CC-9FE0-D5D05A37D74D}.Release|x64.ActiveCfg = Release|Any CPU
		{41B870F9-97A6-47CC-9FE0-D5D05A37D74D}.Release|x64.Build.0 = Release|Any CPU
		{41B870F9-97A6-47CC-9FE0-D5D05A37D74D}.Release|x86.ActiveCfg = Release|Any CPU
		{41B870F9-97A6-47CC-9FE0-D5D05A37D74D}.Release|x86.Build.0 = Release|Any CPU
		{A20C17C6-41F5-4FC1-A18E-B53BFCA63727}.Debug|Any CPU.ActiveCfg = Debug|Any CPU
		{A20C17C6-41F5-4FC1-A18E-B53BFCA63727}.Debug|Any CPU.Build.0 = Debug|Any CPU
		{A20C17C6-41F5-4FC1-A18E-B53BFCA63727}.Debug|x64.ActiveCfg = Debug|Any CPU
		{A20C17C6-41F5-4FC1-A18E-B53BFCA63727}.Debug|x64.Build.0 = Debug|Any CPU
		{A20C17C6-41F5-4FC1-A18E-B53BFCA63727}.Debug|x86.ActiveCfg = Debug|Any CPU
		{A20C17C6-41F5-4FC1-A18E-B53BFCA63727}.Debug|x86.Build.0 = Debug|Any CPU
		{A20C17C6-41F5-4FC1-A18E-B53BFCA63727}.Release|Any CPU.ActiveCfg = Release|Any CPU
		{A20C17C6-41F5-4FC1-A18E-B53BFCA63727}.Release|Any CPU.Build.0 = Release|Any CPU
		{A20C17C6-41F5-4FC1-A18E-B53BFCA63727}.Release|x64.ActiveCfg = Release|Any CPU
		{A20C17C6-41F5-4FC1-A18E-B53BFCA63727}.Release|x64.Build.0 = Release|Any CPU
		{A20C17C6-41F5-4FC1-A18E-B53BFCA63727}.Release|x86.ActiveCfg = Release|Any CPU
		{A20C17C6-41F5-4FC1-A18E-B53BFCA63727}.Release|x86.Build.0 = Release|Any CPU
	EndGlobalSection
EndGlobal
